// !$*UTF8*$!
{
	archiveVersion = 1;
	classes = {
	};
	objectVersion = 55;
	objects = {

/* Begin PBXBuildFile section */
		AE2CDD81A0D3B2E01776F2DC /* Pods_BasketFeature_SwiftUI_.framework in Frameworks */ = {isa = PBXBuildFile; fileRef = 8C41AD456453B74DA1F25FF1 /* Pods_BasketFeature_SwiftUI_.framework */; };
		F316CC7528ED535500F98BC4 /* UrlHelper.swift in Sources */ = {isa = PBXBuildFile; fileRef = F316CC7428ED535500F98BC4 /* UrlHelper.swift */; };
		F316CC7728ED562100F98BC4 /* LoginModel.swift in Sources */ = {isa = PBXBuildFile; fileRef = F316CC7628ED562100F98BC4 /* LoginModel.swift */; };
		F316CC7928ED6DE700F98BC4 /* LocalUser.swift in Sources */ = {isa = PBXBuildFile; fileRef = F316CC7828ED6DE700F98BC4 /* LocalUser.swift */; };
		F324F27228F1966900293DE4 /* Field.swift in Sources */ = {isa = PBXBuildFile; fileRef = F324F27128F1966900293DE4 /* Field.swift */; };
		F32B7C1028E9E42F00E279AE /* Player.swift in Sources */ = {isa = PBXBuildFile; fileRef = F32B7C0F28E9E42F00E279AE /* Player.swift */; };
		F32B7C1228E9E47A00E279AE /* Team.swift in Sources */ = {isa = PBXBuildFile; fileRef = F32B7C1128E9E47A00E279AE /* Team.swift */; };
		F32B7C1428E9E7DC00E279AE /* User.swift in Sources */ = {isa = PBXBuildFile; fileRef = F32B7C1328E9E7DC00E279AE /* User.swift */; };
		F32B7C1628E9E89B00E279AE /* TeamListViewModel.swift in Sources */ = {isa = PBXBuildFile; fileRef = F32B7C1528E9E89B00E279AE /* TeamListViewModel.swift */; };
		F32B7C1828E9E8A400E279AE /* TeamListModel.swift in Sources */ = {isa = PBXBuildFile; fileRef = F32B7C1728E9E8A400E279AE /* TeamListModel.swift */; };
		F32B7C1A28E9E9CF00E279AE /* TeamCell.swift in Sources */ = {isa = PBXBuildFile; fileRef = F32B7C1928E9E9CF00E279AE /* TeamCell.swift */; };
		F32B7C1D28E9EE4700E279AE /* AddTeamView.swift in Sources */ = {isa = PBXBuildFile; fileRef = F32B7C1C28E9EE4700E279AE /* AddTeamView.swift */; };
		F3433C1728EC1F3500585633 /* TeamView.swift in Sources */ = {isa = PBXBuildFile; fileRef = F3433C1628EC1F3500585633 /* TeamView.swift */; };
		F34B54DC28E3030E0045BA28 /* BasketFeature_SwiftUI_App.swift in Sources */ = {isa = PBXBuildFile; fileRef = F34B54DB28E3030E0045BA28 /* BasketFeature_SwiftUI_App.swift */; };
		F34B54DE28E3030E0045BA28 /* RegisterView.swift in Sources */ = {isa = PBXBuildFile; fileRef = F34B54DD28E3030E0045BA28 /* RegisterView.swift */; };
		F34B54E028E303120045BA28 /* Assets.xcassets in Resources */ = {isa = PBXBuildFile; fileRef = F34B54DF28E303120045BA28 /* Assets.xcassets */; };
		F34B54E328E303120045BA28 /* Preview Assets.xcassets in Resources */ = {isa = PBXBuildFile; fileRef = F34B54E228E303120045BA28 /* Preview Assets.xcassets */; };
		F34B54EA28E303400045BA28 /* CustomTextField.swift in Sources */ = {isa = PBXBuildFile; fileRef = F34B54E928E303400045BA28 /* CustomTextField.swift */; };
		F34B54EC28E30D500045BA28 /* Colors.swift in Sources */ = {isa = PBXBuildFile; fileRef = F34B54EB28E30D500045BA28 /* Colors.swift */; };
		F34B54EE28E30FCB0045BA28 /* RegisterViewModel.swift in Sources */ = {isa = PBXBuildFile; fileRef = F34B54ED28E30FCB0045BA28 /* RegisterViewModel.swift */; };
		F34B54F128E311290045BA28 /* TextFieldModel.swift in Sources */ = {isa = PBXBuildFile; fileRef = F34B54F028E311290045BA28 /* TextFieldModel.swift */; };
		F34B54F328E31E890045BA28 /* RegisterModel.swift in Sources */ = {isa = PBXBuildFile; fileRef = F34B54F228E31E890045BA28 /* RegisterModel.swift */; };
		F34B54F528E31EA10045BA28 /* TeamListView.swift in Sources */ = {isa = PBXBuildFile; fileRef = F34B54F428E31EA10045BA28 /* TeamListView.swift */; };
		F3561C6D28EF02370098188E /* TeamViewModel.swift in Sources */ = {isa = PBXBuildFile; fileRef = F3561C6C28EF02370098188E /* TeamViewModel.swift */; };
		F3561C6F28EF02580098188E /* TeamModel.swift in Sources */ = {isa = PBXBuildFile; fileRef = F3561C6E28EF02580098188E /* TeamModel.swift */; };
		F3561C7528EF0F6A0098188E /* GamesView.swift in Sources */ = {isa = PBXBuildFile; fileRef = F3561C7428EF0F6A0098188E /* GamesView.swift */; };
		F3561C7828EF0FBD0098188E /* CreateGameView.swift in Sources */ = {isa = PBXBuildFile; fileRef = F3561C7728EF0FBD0098188E /* CreateGameView.swift */; };
		F35B399528EFF928008A62B9 /* CreateGameViewModel.swift in Sources */ = {isa = PBXBuildFile; fileRef = F35B399428EFF928008A62B9 /* CreateGameViewModel.swift */; };
		F35B399728EFF930008A62B9 /* CreateGameModel.swift in Sources */ = {isa = PBXBuildFile; fileRef = F35B399628EFF930008A62B9 /* CreateGameModel.swift */; };
		F35B399928EFFA57008A62B9 /* SelectFivePlayersView.swift in Sources */ = {isa = PBXBuildFile; fileRef = F35B399828EFFA57008A62B9 /* SelectFivePlayersView.swift */; };
		F366B76B29116A96003DA6AB /* Game.swift in Sources */ = {isa = PBXBuildFile; fileRef = F366B76A29116A96003DA6AB /* Game.swift */; };
		F3803F3528FFC16600E590CB /* SelectLossView.swift in Sources */ = {isa = PBXBuildFile; fileRef = F3803F3428FFC16600E590CB /* SelectLossView.swift */; };
		F3803F3728FFC17E00E590CB /* SelectLossViewModel.swift in Sources */ = {isa = PBXBuildFile; fileRef = F3803F3628FFC17E00E590CB /* SelectLossViewModel.swift */; };
		F3803F3A28FFC92C00E590CB /* SelectFoulView.swift in Sources */ = {isa = PBXBuildFile; fileRef = F3803F3928FFC92C00E590CB /* SelectFoulView.swift */; };
		F3803F3C28FFC93B00E590CB /* SelectFoulViewModel.swift in Sources */ = {isa = PBXBuildFile; fileRef = F3803F3B28FFC93B00E590CB /* SelectFoulViewModel.swift */; };
		F3803F3E28FFCD1700E590CB /* SelectBallView.swift in Sources */ = {isa = PBXBuildFile; fileRef = F3803F3D28FFCD1700E590CB /* SelectBallView.swift */; };
		F3803F4428FFDC7600E590CB /* SelectTechnicalParamsView.swift in Sources */ = {isa = PBXBuildFile; fileRef = F3803F4328FFDC7600E590CB /* SelectTechnicalParamsView.swift */; };
		F3810C1F28F89F23009170BA /* SelectTimeAndTeam.swift in Sources */ = {isa = PBXBuildFile; fileRef = F3810C1E28F89F23009170BA /* SelectTimeAndTeam.swift */; };
		F38FD0E22997BB3C000EE7E5 /* ViewFactory.swift in Sources */ = {isa = PBXBuildFile; fileRef = F38FD0E12997BB3C000EE7E5 /* ViewFactory.swift */; };
		F394FA6A28EFE647008DB55B /* AddPlayerToTeamModel.swift in Sources */ = {isa = PBXBuildFile; fileRef = F394FA6928EFE647008DB55B /* AddPlayerToTeamModel.swift */; };
		F3986E1A28E9623E008F16E9 /* ForgetPasswordView.swift in Sources */ = {isa = PBXBuildFile; fileRef = F3986E1928E9623E008F16E9 /* ForgetPasswordView.swift */; };
		F3A11CBB2913DE0F00E383AA /* Actions.swift in Sources */ = {isa = PBXBuildFile; fileRef = F3A11CBA2913DE0F00E383AA /* Actions.swift */; };
		F3B2F29328F0BDD000E96FDA /* SelectFivePlayersViewModel.swift in Sources */ = {isa = PBXBuildFile; fileRef = F3B2F29228F0BDD000E96FDA /* SelectFivePlayersViewModel.swift */; };
		F3C1432D28EBFDBA002E26EA /* AddTeamViewModel.swift in Sources */ = {isa = PBXBuildFile; fileRef = F3C1432C28EBFDBA002E26EA /* AddTeamViewModel.swift */; };
		F3C6EB412901977B00A2A5BC /* SelectShotView.swift in Sources */ = {isa = PBXBuildFile; fileRef = F3C6EB402901977B00A2A5BC /* SelectShotView.swift */; };
		F3C6EB45290197AD00A2A5BC /* SelectShotViewModel.swift in Sources */ = {isa = PBXBuildFile; fileRef = F3C6EB44290197AD00A2A5BC /* SelectShotViewModel.swift */; };
		F3C6EB4829019A7600A2A5BC /* SelectShotParamsView.swift in Sources */ = {isa = PBXBuildFile; fileRef = F3C6EB4729019A7600A2A5BC /* SelectShotParamsView.swift */; };
		F3CD0EE02997B3710044C725 /* LocalizedString.swift in Sources */ = {isa = PBXBuildFile; fileRef = F3CD0EDF2997B3710044C725 /* LocalizedString.swift */; };
		F3CD0EF52997B5800044C725 /* Localizable.strings in Resources */ = {isa = PBXBuildFile; fileRef = F3CD0EF72997B5800044C725 /* Localizable.strings */; };
		F3CD446428EC272600CF88BB /* CustomPlayerCell.swift in Sources */ = {isa = PBXBuildFile; fileRef = F3CD446328EC272600CF88BB /* CustomPlayerCell.swift */; };
		F3CD446628EC2C4F00CF88BB /* AddPlayerToTeamViewModel.swift in Sources */ = {isa = PBXBuildFile; fileRef = F3CD446528EC2C4F00CF88BB /* AddPlayerToTeamViewModel.swift */; };
		F3D911DB28EC384C00BDA6D3 /* AddPlayerToTeamView.swift in Sources */ = {isa = PBXBuildFile; fileRef = F3D911DA28EC384C00BDA6D3 /* AddPlayerToTeamView.swift */; };
		F3E2275228EE992700A712D4 /* CustomTabBar.swift in Sources */ = {isa = PBXBuildFile; fileRef = F3E2275128EE992700A712D4 /* CustomTabBar.swift */; };
		F3E2275428EEA59600A712D4 /* AddTeamModel.swift in Sources */ = {isa = PBXBuildFile; fileRef = F3E2275328EEA59600A712D4 /* AddTeamModel.swift */; };
		F3E2275628EEB6CB00A712D4 /* TabBarConfig.swift in Sources */ = {isa = PBXBuildFile; fileRef = F3E2275528EEB6CB00A712D4 /* TabBarConfig.swift */; };
		F3E7C12729AB7FBF00A4017B /* RequestManager.swift in Sources */ = {isa = PBXBuildFile; fileRef = F3E7C12629AB7FBF00A4017B /* RequestManager.swift */; };
		F3E7C12929AB93DE00A4017B /* PreferenceManager.swift in Sources */ = {isa = PBXBuildFile; fileRef = F3E7C12829AB93DE00A4017B /* PreferenceManager.swift */; };
		F3E7C12B29AB942100A4017B /* UserDataManager.swift in Sources */ = {isa = PBXBuildFile; fileRef = F3E7C12A29AB942100A4017B /* UserDataManager.swift */; };
		F3E9129128FA81F400D47E44 /* SelectBeginningAttackView.swift in Sources */ = {isa = PBXBuildFile; fileRef = F3E9129028FA81F400D47E44 /* SelectBeginningAttackView.swift */; };
		F3E9129328FA81FF00D47E44 /* SelectBeginningAttackViewModel.swift in Sources */ = {isa = PBXBuildFile; fileRef = F3E9129228FA81FF00D47E44 /* SelectBeginningAttackViewModel.swift */; };
		F3F2BD0B28FA88AE001DEE56 /* PropertyView.swift in Sources */ = {isa = PBXBuildFile; fileRef = F3F2BD0A28FA88AE001DEE56 /* PropertyView.swift */; };
		F3F2BD0D28FA8B94001DEE56 /* PropertyViewModel.swift in Sources */ = {isa = PBXBuildFile; fileRef = F3F2BD0C28FA8B94001DEE56 /* PropertyViewModel.swift */; };
		F3F2BD1128FA9615001DEE56 /* SelectTypeOfAttackView.swift in Sources */ = {isa = PBXBuildFile; fileRef = F3F2BD1028FA9615001DEE56 /* SelectTypeOfAttackView.swift */; };
		F3F2BD1328FA96B7001DEE56 /* SelectTypeOfAttackViewModel.swift in Sources */ = {isa = PBXBuildFile; fileRef = F3F2BD1228FA96B7001DEE56 /* SelectTypeOfAttackViewModel.swift */; };
		F3F2BD1728FA9793001DEE56 /* SelectResultView.swift in Sources */ = {isa = PBXBuildFile; fileRef = F3F2BD1628FA9793001DEE56 /* SelectResultView.swift */; };
		F3F2BD1928FA979B001DEE56 /* SelectResultViewModel.swift in Sources */ = {isa = PBXBuildFile; fileRef = F3F2BD1828FA979B001DEE56 /* SelectResultViewModel.swift */; };
		F3FBBFFA28E4C20D00B6C73E /* LoginView.swift in Sources */ = {isa = PBXBuildFile; fileRef = F3FBBFF928E4C20D00B6C73E /* LoginView.swift */; };
		F3FBBFFC28E4C2F500B6C73E /* LoginViewModel.swift in Sources */ = {isa = PBXBuildFile; fileRef = F3FBBFFB28E4C2F500B6C73E /* LoginViewModel.swift */; };
		F3FF7A7028E9638E008B1FE8 /* ForgetPasswordViewModel.swift in Sources */ = {isa = PBXBuildFile; fileRef = F3FF7A6F28E9638E008B1FE8 /* ForgetPasswordViewModel.swift */; };
		F3FF7A7228E97E04008B1FE8 /* CustomAlert.swift in Sources */ = {isa = PBXBuildFile; fileRef = F3FF7A7128E97E04008B1FE8 /* CustomAlert.swift */; };
/* End PBXBuildFile section */

/* Begin PBXFileReference section */
		8C41AD456453B74DA1F25FF1 /* Pods_BasketFeature_SwiftUI_.framework */ = {isa = PBXFileReference; explicitFileType = wrapper.framework; includeInIndex = 0; path = Pods_BasketFeature_SwiftUI_.framework; sourceTree = BUILT_PRODUCTS_DIR; };
		C6E15654CB932BE19A53EC8D /* Pods-BasketFeature(SwiftUI).release.xcconfig */ = {isa = PBXFileReference; includeInIndex = 1; lastKnownFileType = text.xcconfig; name = "Pods-BasketFeature(SwiftUI).release.xcconfig"; path = "Target Support Files/Pods-BasketFeature(SwiftUI)/Pods-BasketFeature(SwiftUI).release.xcconfig"; sourceTree = "<group>"; };
		F316CC7428ED535500F98BC4 /* UrlHelper.swift */ = {isa = PBXFileReference; lastKnownFileType = sourcecode.swift; path = UrlHelper.swift; sourceTree = "<group>"; };
		F316CC7628ED562100F98BC4 /* LoginModel.swift */ = {isa = PBXFileReference; lastKnownFileType = sourcecode.swift; path = LoginModel.swift; sourceTree = "<group>"; };
		F316CC7828ED6DE700F98BC4 /* LocalUser.swift */ = {isa = PBXFileReference; lastKnownFileType = sourcecode.swift; path = LocalUser.swift; sourceTree = "<group>"; };
		F324F27128F1966900293DE4 /* Field.swift */ = {isa = PBXFileReference; lastKnownFileType = sourcecode.swift; path = Field.swift; sourceTree = "<group>"; };
		F32B7C0F28E9E42F00E279AE /* Player.swift */ = {isa = PBXFileReference; lastKnownFileType = sourcecode.swift; path = Player.swift; sourceTree = "<group>"; };
		F32B7C1128E9E47A00E279AE /* Team.swift */ = {isa = PBXFileReference; lastKnownFileType = sourcecode.swift; path = Team.swift; sourceTree = "<group>"; };
		F32B7C1328E9E7DC00E279AE /* User.swift */ = {isa = PBXFileReference; lastKnownFileType = sourcecode.swift; path = User.swift; sourceTree = "<group>"; };
		F32B7C1528E9E89B00E279AE /* TeamListViewModel.swift */ = {isa = PBXFileReference; lastKnownFileType = sourcecode.swift; path = TeamListViewModel.swift; sourceTree = "<group>"; };
		F32B7C1728E9E8A400E279AE /* TeamListModel.swift */ = {isa = PBXFileReference; lastKnownFileType = sourcecode.swift; path = TeamListModel.swift; sourceTree = "<group>"; };
		F32B7C1928E9E9CF00E279AE /* TeamCell.swift */ = {isa = PBXFileReference; lastKnownFileType = sourcecode.swift; path = TeamCell.swift; sourceTree = "<group>"; };
		F32B7C1C28E9EE4700E279AE /* AddTeamView.swift */ = {isa = PBXFileReference; lastKnownFileType = sourcecode.swift; path = AddTeamView.swift; sourceTree = "<group>"; };
		F3433C1628EC1F3500585633 /* TeamView.swift */ = {isa = PBXFileReference; lastKnownFileType = sourcecode.swift; path = TeamView.swift; sourceTree = "<group>"; };
		F34B54D828E3030E0045BA28 /* BasketFeature(SwiftUI).app */ = {isa = PBXFileReference; explicitFileType = wrapper.application; includeInIndex = 0; path = "BasketFeature(SwiftUI).app"; sourceTree = BUILT_PRODUCTS_DIR; };
		F34B54DB28E3030E0045BA28 /* BasketFeature_SwiftUI_App.swift */ = {isa = PBXFileReference; lastKnownFileType = sourcecode.swift; path = BasketFeature_SwiftUI_App.swift; sourceTree = "<group>"; };
		F34B54DD28E3030E0045BA28 /* RegisterView.swift */ = {isa = PBXFileReference; lastKnownFileType = sourcecode.swift; path = RegisterView.swift; sourceTree = "<group>"; };
		F34B54DF28E303120045BA28 /* Assets.xcassets */ = {isa = PBXFileReference; lastKnownFileType = folder.assetcatalog; path = Assets.xcassets; sourceTree = "<group>"; };
		F34B54E228E303120045BA28 /* Preview Assets.xcassets */ = {isa = PBXFileReference; lastKnownFileType = folder.assetcatalog; path = "Preview Assets.xcassets"; sourceTree = "<group>"; };
		F34B54E928E303400045BA28 /* CustomTextField.swift */ = {isa = PBXFileReference; lastKnownFileType = sourcecode.swift; path = CustomTextField.swift; sourceTree = "<group>"; };
		F34B54EB28E30D500045BA28 /* Colors.swift */ = {isa = PBXFileReference; lastKnownFileType = sourcecode.swift; path = Colors.swift; sourceTree = "<group>"; };
		F34B54ED28E30FCB0045BA28 /* RegisterViewModel.swift */ = {isa = PBXFileReference; lastKnownFileType = sourcecode.swift; path = RegisterViewModel.swift; sourceTree = "<group>"; };
		F34B54F028E311290045BA28 /* TextFieldModel.swift */ = {isa = PBXFileReference; lastKnownFileType = sourcecode.swift; path = TextFieldModel.swift; sourceTree = "<group>"; };
		F34B54F228E31E890045BA28 /* RegisterModel.swift */ = {isa = PBXFileReference; lastKnownFileType = sourcecode.swift; path = RegisterModel.swift; sourceTree = "<group>"; };
		F34B54F428E31EA10045BA28 /* TeamListView.swift */ = {isa = PBXFileReference; lastKnownFileType = sourcecode.swift; path = TeamListView.swift; sourceTree = "<group>"; };
		F3561C6C28EF02370098188E /* TeamViewModel.swift */ = {isa = PBXFileReference; lastKnownFileType = sourcecode.swift; path = TeamViewModel.swift; sourceTree = "<group>"; };
		F3561C6E28EF02580098188E /* TeamModel.swift */ = {isa = PBXFileReference; lastKnownFileType = sourcecode.swift; path = TeamModel.swift; sourceTree = "<group>"; };
		F3561C7428EF0F6A0098188E /* GamesView.swift */ = {isa = PBXFileReference; lastKnownFileType = sourcecode.swift; path = GamesView.swift; sourceTree = "<group>"; };
		F3561C7728EF0FBD0098188E /* CreateGameView.swift */ = {isa = PBXFileReference; lastKnownFileType = sourcecode.swift; path = CreateGameView.swift; sourceTree = "<group>"; };
		F35B399428EFF928008A62B9 /* CreateGameViewModel.swift */ = {isa = PBXFileReference; lastKnownFileType = sourcecode.swift; path = CreateGameViewModel.swift; sourceTree = "<group>"; };
		F35B399628EFF930008A62B9 /* CreateGameModel.swift */ = {isa = PBXFileReference; lastKnownFileType = sourcecode.swift; path = CreateGameModel.swift; sourceTree = "<group>"; };
		F35B399828EFFA57008A62B9 /* SelectFivePlayersView.swift */ = {isa = PBXFileReference; lastKnownFileType = sourcecode.swift; path = SelectFivePlayersView.swift; sourceTree = "<group>"; };
		F366B76A29116A96003DA6AB /* Game.swift */ = {isa = PBXFileReference; lastKnownFileType = sourcecode.swift; path = Game.swift; sourceTree = "<group>"; };
		F3803F3428FFC16600E590CB /* SelectLossView.swift */ = {isa = PBXFileReference; lastKnownFileType = sourcecode.swift; path = SelectLossView.swift; sourceTree = "<group>"; };
		F3803F3628FFC17E00E590CB /* SelectLossViewModel.swift */ = {isa = PBXFileReference; lastKnownFileType = sourcecode.swift; path = SelectLossViewModel.swift; sourceTree = "<group>"; };
		F3803F3928FFC92C00E590CB /* SelectFoulView.swift */ = {isa = PBXFileReference; lastKnownFileType = sourcecode.swift; path = SelectFoulView.swift; sourceTree = "<group>"; };
		F3803F3B28FFC93B00E590CB /* SelectFoulViewModel.swift */ = {isa = PBXFileReference; lastKnownFileType = sourcecode.swift; path = SelectFoulViewModel.swift; sourceTree = "<group>"; };
		F3803F3D28FFCD1700E590CB /* SelectBallView.swift */ = {isa = PBXFileReference; lastKnownFileType = sourcecode.swift; path = SelectBallView.swift; sourceTree = "<group>"; };
		F3803F4328FFDC7600E590CB /* SelectTechnicalParamsView.swift */ = {isa = PBXFileReference; lastKnownFileType = sourcecode.swift; path = SelectTechnicalParamsView.swift; sourceTree = "<group>"; };
		F3810C1E28F89F23009170BA /* SelectTimeAndTeam.swift */ = {isa = PBXFileReference; lastKnownFileType = sourcecode.swift; path = SelectTimeAndTeam.swift; sourceTree = "<group>"; };
		F38FD0E12997BB3C000EE7E5 /* ViewFactory.swift */ = {isa = PBXFileReference; lastKnownFileType = sourcecode.swift; path = ViewFactory.swift; sourceTree = "<group>"; };
		F394FA6928EFE647008DB55B /* AddPlayerToTeamModel.swift */ = {isa = PBXFileReference; lastKnownFileType = sourcecode.swift; path = AddPlayerToTeamModel.swift; sourceTree = "<group>"; };
		F3986E1928E9623E008F16E9 /* ForgetPasswordView.swift */ = {isa = PBXFileReference; lastKnownFileType = sourcecode.swift; path = ForgetPasswordView.swift; sourceTree = "<group>"; };
		F3A11CBA2913DE0F00E383AA /* Actions.swift */ = {isa = PBXFileReference; lastKnownFileType = sourcecode.swift; path = Actions.swift; sourceTree = "<group>"; };
		F3B2F29228F0BDD000E96FDA /* SelectFivePlayersViewModel.swift */ = {isa = PBXFileReference; lastKnownFileType = sourcecode.swift; path = SelectFivePlayersViewModel.swift; sourceTree = "<group>"; };
		F3C1432C28EBFDBA002E26EA /* AddTeamViewModel.swift */ = {isa = PBXFileReference; lastKnownFileType = sourcecode.swift; path = AddTeamViewModel.swift; sourceTree = "<group>"; };
		F3C6EB402901977B00A2A5BC /* SelectShotView.swift */ = {isa = PBXFileReference; lastKnownFileType = sourcecode.swift; path = SelectShotView.swift; sourceTree = "<group>"; };
		F3C6EB44290197AD00A2A5BC /* SelectShotViewModel.swift */ = {isa = PBXFileReference; lastKnownFileType = sourcecode.swift; path = SelectShotViewModel.swift; sourceTree = "<group>"; };
		F3C6EB4729019A7600A2A5BC /* SelectShotParamsView.swift */ = {isa = PBXFileReference; lastKnownFileType = sourcecode.swift; path = SelectShotParamsView.swift; sourceTree = "<group>"; };
		F3CD0EDF2997B3710044C725 /* LocalizedString.swift */ = {isa = PBXFileReference; lastKnownFileType = sourcecode.swift; path = LocalizedString.swift; sourceTree = "<group>"; };
		F3CD0EFA2997B6390044C725 /* ru */ = {isa = PBXFileReference; lastKnownFileType = text.plist.strings; name = ru; path = ru.lproj/Localizable.strings; sourceTree = "<group>"; };
		F3CD446328EC272600CF88BB /* CustomPlayerCell.swift */ = {isa = PBXFileReference; lastKnownFileType = sourcecode.swift; path = CustomPlayerCell.swift; sourceTree = "<group>"; };
		F3CD446528EC2C4F00CF88BB /* AddPlayerToTeamViewModel.swift */ = {isa = PBXFileReference; lastKnownFileType = sourcecode.swift; path = AddPlayerToTeamViewModel.swift; sourceTree = "<group>"; };
		F3D911DA28EC384C00BDA6D3 /* AddPlayerToTeamView.swift */ = {isa = PBXFileReference; lastKnownFileType = sourcecode.swift; path = AddPlayerToTeamView.swift; sourceTree = "<group>"; };
		F3E2275128EE992700A712D4 /* CustomTabBar.swift */ = {isa = PBXFileReference; lastKnownFileType = sourcecode.swift; path = CustomTabBar.swift; sourceTree = "<group>"; };
		F3E2275328EEA59600A712D4 /* AddTeamModel.swift */ = {isa = PBXFileReference; lastKnownFileType = sourcecode.swift; path = AddTeamModel.swift; sourceTree = "<group>"; };
		F3E2275528EEB6CB00A712D4 /* TabBarConfig.swift */ = {isa = PBXFileReference; lastKnownFileType = sourcecode.swift; path = TabBarConfig.swift; sourceTree = "<group>"; };
		F3E7C12629AB7FBF00A4017B /* RequestManager.swift */ = {isa = PBXFileReference; lastKnownFileType = sourcecode.swift; path = RequestManager.swift; sourceTree = "<group>"; };
		F3E7C12829AB93DE00A4017B /* PreferenceManager.swift */ = {isa = PBXFileReference; lastKnownFileType = sourcecode.swift; path = PreferenceManager.swift; sourceTree = "<group>"; };
		F3E7C12A29AB942100A4017B /* UserDataManager.swift */ = {isa = PBXFileReference; lastKnownFileType = sourcecode.swift; path = UserDataManager.swift; sourceTree = "<group>"; };
		F3E9129028FA81F400D47E44 /* SelectBeginningAttackView.swift */ = {isa = PBXFileReference; lastKnownFileType = sourcecode.swift; path = SelectBeginningAttackView.swift; sourceTree = "<group>"; };
		F3E9129228FA81FF00D47E44 /* SelectBeginningAttackViewModel.swift */ = {isa = PBXFileReference; lastKnownFileType = sourcecode.swift; path = SelectBeginningAttackViewModel.swift; sourceTree = "<group>"; };
		F3F2BD0A28FA88AE001DEE56 /* PropertyView.swift */ = {isa = PBXFileReference; lastKnownFileType = sourcecode.swift; path = PropertyView.swift; sourceTree = "<group>"; };
		F3F2BD0C28FA8B94001DEE56 /* PropertyViewModel.swift */ = {isa = PBXFileReference; lastKnownFileType = sourcecode.swift; path = PropertyViewModel.swift; sourceTree = "<group>"; };
		F3F2BD1028FA9615001DEE56 /* SelectTypeOfAttackView.swift */ = {isa = PBXFileReference; lastKnownFileType = sourcecode.swift; path = SelectTypeOfAttackView.swift; sourceTree = "<group>"; };
		F3F2BD1228FA96B7001DEE56 /* SelectTypeOfAttackViewModel.swift */ = {isa = PBXFileReference; lastKnownFileType = sourcecode.swift; path = SelectTypeOfAttackViewModel.swift; sourceTree = "<group>"; };
		F3F2BD1628FA9793001DEE56 /* SelectResultView.swift */ = {isa = PBXFileReference; lastKnownFileType = sourcecode.swift; path = SelectResultView.swift; sourceTree = "<group>"; };
		F3F2BD1828FA979B001DEE56 /* SelectResultViewModel.swift */ = {isa = PBXFileReference; lastKnownFileType = sourcecode.swift; path = SelectResultViewModel.swift; sourceTree = "<group>"; };
		F3FBBFF928E4C20D00B6C73E /* LoginView.swift */ = {isa = PBXFileReference; lastKnownFileType = sourcecode.swift; path = LoginView.swift; sourceTree = "<group>"; };
		F3FBBFFB28E4C2F500B6C73E /* LoginViewModel.swift */ = {isa = PBXFileReference; lastKnownFileType = sourcecode.swift; path = LoginViewModel.swift; sourceTree = "<group>"; };
		F3FF7A6F28E9638E008B1FE8 /* ForgetPasswordViewModel.swift */ = {isa = PBXFileReference; lastKnownFileType = sourcecode.swift; path = ForgetPasswordViewModel.swift; sourceTree = "<group>"; };
		F3FF7A7128E97E04008B1FE8 /* CustomAlert.swift */ = {isa = PBXFileReference; lastKnownFileType = sourcecode.swift; path = CustomAlert.swift; sourceTree = "<group>"; };
		F6263C26AD492DA82B56B0B0 /* Pods-BasketFeature(SwiftUI).debug.xcconfig */ = {isa = PBXFileReference; includeInIndex = 1; lastKnownFileType = text.xcconfig; name = "Pods-BasketFeature(SwiftUI).debug.xcconfig"; path = "Target Support Files/Pods-BasketFeature(SwiftUI)/Pods-BasketFeature(SwiftUI).debug.xcconfig"; sourceTree = "<group>"; };
/* End PBXFileReference section */

/* Begin PBXFrameworksBuildPhase section */
		F34B54D528E3030E0045BA28 /* Frameworks */ = {
			isa = PBXFrameworksBuildPhase;
			buildActionMask = 2147483647;
			files = (
				AE2CDD81A0D3B2E01776F2DC /* Pods_BasketFeature_SwiftUI_.framework in Frameworks */,
			);
			runOnlyForDeploymentPostprocessing = 0;
		};
/* End PBXFrameworksBuildPhase section */

/* Begin PBXGroup section */
		375DADF005D00DFACBC8C1EF /* Pods */ = {
			isa = PBXGroup;
			children = (
				F6263C26AD492DA82B56B0B0 /* Pods-BasketFeature(SwiftUI).debug.xcconfig */,
				C6E15654CB932BE19A53EC8D /* Pods-BasketFeature(SwiftUI).release.xcconfig */,
			);
			path = Pods;
			sourceTree = "<group>";
		};
		8266865ADE0F743EAC88D9BA /* Frameworks */ = {
			isa = PBXGroup;
			children = (
				8C41AD456453B74DA1F25FF1 /* Pods_BasketFeature_SwiftUI_.framework */,
			);
			name = Frameworks;
			sourceTree = "<group>";
		};
		F32B7C1B28E9EE2500E279AE /* AddTeams */ = {
			isa = PBXGroup;
			children = (
				F32B7C1C28E9EE4700E279AE /* AddTeamView.swift */,
				F3C1432C28EBFDBA002E26EA /* AddTeamViewModel.swift */,
				F3E2275328EEA59600A712D4 /* AddTeamModel.swift */,
			);
			path = AddTeams;
			sourceTree = "<group>";
		};
		F3433C1528EC1F1400585633 /* Team */ = {
			isa = PBXGroup;
			children = (
				F3433C1628EC1F3500585633 /* TeamView.swift */,
				F3561C6C28EF02370098188E /* TeamViewModel.swift */,
				F3561C6E28EF02580098188E /* TeamModel.swift */,
			);
			path = Team;
			sourceTree = "<group>";
		};
		F34B54CF28E3030E0045BA28 = {
			isa = PBXGroup;
			children = (
				F34B54DA28E3030E0045BA28 /* BasketFeature(SwiftUI) */,
				F34B54D928E3030E0045BA28 /* Products */,
				375DADF005D00DFACBC8C1EF /* Pods */,
				8266865ADE0F743EAC88D9BA /* Frameworks */,
			);
			sourceTree = "<group>";
		};
		F34B54D928E3030E0045BA28 /* Products */ = {
			isa = PBXGroup;
			children = (
				F34B54D828E3030E0045BA28 /* BasketFeature(SwiftUI).app */,
			);
			name = Products;
			sourceTree = "<group>";
		};
		F34B54DA28E3030E0045BA28 /* BasketFeature(SwiftUI) */ = {
			isa = PBXGroup;
			children = (
				F3CD0EDA2997AE9E0044C725 /* Common */,
				F3986E1B28E96259008F16E9 /* CustomViews */,
				F3986E1C28E96282008F16E9 /* Data */,
				F3CD0EDD2997B0C40044C725 /* Modules */,
				F3CD0EDE2997B2520044C725 /* Resources */,
				F34B54DB28E3030E0045BA28 /* BasketFeature_SwiftUI_App.swift */,
			);
			path = "BasketFeature(SwiftUI)";
			sourceTree = "<group>";
		};
		F34B54E128E303120045BA28 /* Preview Content */ = {
			isa = PBXGroup;
			children = (
				F34B54E228E303120045BA28 /* Preview Assets.xcassets */,
			);
			path = "Preview Content";
			sourceTree = "<group>";
		};
		F34B54EF28E30FD40045BA28 /* Register */ = {
			isa = PBXGroup;
			children = (
				F34B54DD28E3030E0045BA28 /* RegisterView.swift */,
				F34B54ED28E30FCB0045BA28 /* RegisterViewModel.swift */,
				F34B54F228E31E890045BA28 /* RegisterModel.swift */,
			);
			path = Register;
			sourceTree = "<group>";
		};
		F34B54F628E31EA70045BA28 /* TeamList */ = {
			isa = PBXGroup;
			children = (
				F34B54F428E31EA10045BA28 /* TeamListView.swift */,
				F32B7C1528E9E89B00E279AE /* TeamListViewModel.swift */,
				F32B7C1728E9E8A400E279AE /* TeamListModel.swift */,
			);
			path = TeamList;
			sourceTree = "<group>";
		};
		F3561C7328EF0F5A0098188E /* Games */ = {
			isa = PBXGroup;
			children = (
				F3561C7428EF0F6A0098188E /* GamesView.swift */,
			);
			path = Games;
			sourceTree = "<group>";
		};
		F3561C7628EF0FAB0098188E /* CreateGame */ = {
			isa = PBXGroup;
			children = (
				F3561C7728EF0FBD0098188E /* CreateGameView.swift */,
				F35B399428EFF928008A62B9 /* CreateGameViewModel.swift */,
				F35B399628EFF930008A62B9 /* CreateGameModel.swift */,
			);
			path = CreateGame;
			sourceTree = "<group>";
		};
		F35B399B28EFFA6D008A62B9 /* SelectFivePlayers */ = {
			isa = PBXGroup;
			children = (
				F35B399828EFFA57008A62B9 /* SelectFivePlayersView.swift */,
				F3B2F29228F0BDD000E96FDA /* SelectFivePlayersViewModel.swift */,
			);
			path = SelectFivePlayers;
			sourceTree = "<group>";
		};
		F3803F3328FFC14000E590CB /* SelectLoss */ = {
			isa = PBXGroup;
			children = (
				F3803F3428FFC16600E590CB /* SelectLossView.swift */,
				F3803F3628FFC17E00E590CB /* SelectLossViewModel.swift */,
			);
			path = SelectLoss;
			sourceTree = "<group>";
		};
		F3803F3828FFC8FC00E590CB /* SelectFoul */ = {
			isa = PBXGroup;
			children = (
				F3803F3928FFC92C00E590CB /* SelectFoulView.swift */,
				F3803F3B28FFC93B00E590CB /* SelectFoulViewModel.swift */,
				F3803F4028FFDC3800E590CB /* SelectTechnicalParams */,
				F3803F3F28FFDA2A00E590CB /* SelectBalls */,
			);
			path = SelectFoul;
			sourceTree = "<group>";
		};
		F3803F3F28FFDA2A00E590CB /* SelectBalls */ = {
			isa = PBXGroup;
			children = (
				F3803F3D28FFCD1700E590CB /* SelectBallView.swift */,
			);
			path = SelectBalls;
			sourceTree = "<group>";
		};
		F3803F4028FFDC3800E590CB /* SelectTechnicalParams */ = {
			isa = PBXGroup;
			children = (
				F3803F4328FFDC7600E590CB /* SelectTechnicalParamsView.swift */,
			);
			path = SelectTechnicalParams;
			sourceTree = "<group>";
		};
		F3810C1D28F89EFB009170BA /* SelectTimeAndTeam */ = {
			isa = PBXGroup;
			children = (
				F3810C1E28F89F23009170BA /* SelectTimeAndTeam.swift */,
			);
			path = SelectTimeAndTeam;
			sourceTree = "<group>";
		};
		F3986E1828E9621A008F16E9 /* ForgetPassword */ = {
			isa = PBXGroup;
			children = (
				F3986E1928E9623E008F16E9 /* ForgetPasswordView.swift */,
				F3FF7A6F28E9638E008B1FE8 /* ForgetPasswordViewModel.swift */,
			);
			path = ForgetPassword;
			sourceTree = "<group>";
		};
		F3986E1B28E96259008F16E9 /* CustomViews */ = {
			isa = PBXGroup;
			children = (
				F3FF7A7328E98DD2008B1FE8 /* TabView */,
				F34B54E928E303400045BA28 /* CustomTextField.swift */,
				F3FF7A7128E97E04008B1FE8 /* CustomAlert.swift */,
				F32B7C1928E9E9CF00E279AE /* TeamCell.swift */,
				F3CD446328EC272600CF88BB /* CustomPlayerCell.swift */,
				F324F27128F1966900293DE4 /* Field.swift */,
			);
			path = CustomViews;
			sourceTree = "<group>";
		};
		F3986E1C28E96282008F16E9 /* Data */ = {
			isa = PBXGroup;
			children = (
				F3CD0EDC2997B0060044C725 /* Models */,
				F3A11CBA2913DE0F00E383AA /* Actions.swift */,
				F32B7C1128E9E47A00E279AE /* Team.swift */,
				F366B76A29116A96003DA6AB /* Game.swift */,
			);
			path = Data;
			sourceTree = "<group>";
		};
		F3C6EB3F2901976300A2A5BC /* SelectShot */ = {
			isa = PBXGroup;
			children = (
				F3C6EB402901977B00A2A5BC /* SelectShotView.swift */,
				F3C6EB44290197AD00A2A5BC /* SelectShotViewModel.swift */,
				F3C6EB4629019A3800A2A5BC /* SelectShotParams */,
			);
			path = SelectShot;
			sourceTree = "<group>";
		};
		F3C6EB4629019A3800A2A5BC /* SelectShotParams */ = {
			isa = PBXGroup;
			children = (
				F3C6EB4729019A7600A2A5BC /* SelectShotParamsView.swift */,
			);
			path = SelectShotParams;
			sourceTree = "<group>";
		};
		F3CD0EDA2997AE9E0044C725 /* Common */ = {
			isa = PBXGroup;
			children = (
				F3CD0EDB2997AEB00044C725 /* Extensions */,
				F3E7C12629AB7FBF00A4017B /* RequestManager.swift */,
				F3E7C12829AB93DE00A4017B /* PreferenceManager.swift */,
				F3E7C12A29AB942100A4017B /* UserDataManager.swift */,
			);
			path = Common;
			sourceTree = "<group>";
		};
		F3CD0EDB2997AEB00044C725 /* Extensions */ = {
			isa = PBXGroup;
			children = (
				F34B54EB28E30D500045BA28 /* Colors.swift */,
				F3CD0EDF2997B3710044C725 /* LocalizedString.swift */,
				F38FD0E12997BB3C000EE7E5 /* ViewFactory.swift */,
			);
			path = Extensions;
			sourceTree = "<group>";
		};
		F3CD0EDC2997B0060044C725 /* Models */ = {
			isa = PBXGroup;
			children = (
				F34B54F028E311290045BA28 /* TextFieldModel.swift */,
				F32B7C0F28E9E42F00E279AE /* Player.swift */,
				F32B7C1328E9E7DC00E279AE /* User.swift */,
				F316CC7428ED535500F98BC4 /* UrlHelper.swift */,
				F316CC7828ED6DE700F98BC4 /* LocalUser.swift */,
			);
			path = Models;
			sourceTree = "<group>";
		};
		F3CD0EDD2997B0C40044C725 /* Modules */ = {
			isa = PBXGroup;
			children = (
				F34B54EF28E30FD40045BA28 /* Register */,
				F3FBBFF828E4C1F500B6C73E /* Login */,
				F3986E1828E9621A008F16E9 /* ForgetPassword */,
				F34B54F628E31EA70045BA28 /* TeamList */,
				F32B7C1B28E9EE2500E279AE /* AddTeams */,
				F3433C1528EC1F1400585633 /* Team */,
				F3D911DC28EC394F00BDA6D3 /* AddPlayerToTeam */,
				F3561C7328EF0F5A0098188E /* Games */,
				F3561C7628EF0FAB0098188E /* CreateGame */,
				F35B399B28EFFA6D008A62B9 /* SelectFivePlayers */,
				F3810C1D28F89EFB009170BA /* SelectTimeAndTeam */,
				F3E9128F28FA81D600D47E44 /* SelectBeginningAttack */,
				F3F2BD0928FA887B001DEE56 /* Property */,
				F3F2BD0E28FA95DB001DEE56 /* SelectTypeOfAttack */,
				F3F2BD0F28FA95EE001DEE56 /* SelectResult */,
				F3803F3328FFC14000E590CB /* SelectLoss */,
				F3803F3828FFC8FC00E590CB /* SelectFoul */,
				F3C6EB3F2901976300A2A5BC /* SelectShot */,
			);
			path = Modules;
			sourceTree = "<group>";
		};
		F3CD0EDE2997B2520044C725 /* Resources */ = {
			isa = PBXGroup;
			children = (
				F3CD0EE12997B3CC0044C725 /* Localization */,
				F34B54E128E303120045BA28 /* Preview Content */,
				F34B54DF28E303120045BA28 /* Assets.xcassets */,
			);
			path = Resources;
			sourceTree = "<group>";
		};
		F3CD0EE12997B3CC0044C725 /* Localization */ = {
			isa = PBXGroup;
			children = (
				F3CD0EF72997B5800044C725 /* Localizable.strings */,
			);
			path = Localization;
			sourceTree = "<group>";
		};
		F3D911DC28EC394F00BDA6D3 /* AddPlayerToTeam */ = {
			isa = PBXGroup;
			children = (
				F3D911DA28EC384C00BDA6D3 /* AddPlayerToTeamView.swift */,
				F3CD446528EC2C4F00CF88BB /* AddPlayerToTeamViewModel.swift */,
				F394FA6928EFE647008DB55B /* AddPlayerToTeamModel.swift */,
			);
			path = AddPlayerToTeam;
			sourceTree = "<group>";
		};
		F3E9128F28FA81D600D47E44 /* SelectBeginningAttack */ = {
			isa = PBXGroup;
			children = (
				F3E9129028FA81F400D47E44 /* SelectBeginningAttackView.swift */,
				F3E9129228FA81FF00D47E44 /* SelectBeginningAttackViewModel.swift */,
			);
			path = SelectBeginningAttack;
			sourceTree = "<group>";
		};
		F3F2BD0928FA887B001DEE56 /* Property */ = {
			isa = PBXGroup;
			children = (
				F3F2BD0A28FA88AE001DEE56 /* PropertyView.swift */,
				F3F2BD0C28FA8B94001DEE56 /* PropertyViewModel.swift */,
			);
			path = Property;
			sourceTree = "<group>";
		};
		F3F2BD0E28FA95DB001DEE56 /* SelectTypeOfAttack */ = {
			isa = PBXGroup;
			children = (
				F3F2BD1028FA9615001DEE56 /* SelectTypeOfAttackView.swift */,
				F3F2BD1228FA96B7001DEE56 /* SelectTypeOfAttackViewModel.swift */,
			);
			path = SelectTypeOfAttack;
			sourceTree = "<group>";
		};
		F3F2BD0F28FA95EE001DEE56 /* SelectResult */ = {
			isa = PBXGroup;
			children = (
				F3F2BD1628FA9793001DEE56 /* SelectResultView.swift */,
				F3F2BD1828FA979B001DEE56 /* SelectResultViewModel.swift */,
			);
			path = SelectResult;
			sourceTree = "<group>";
		};
		F3FBBFF828E4C1F500B6C73E /* Login */ = {
			isa = PBXGroup;
			children = (
				F3FBBFF928E4C20D00B6C73E /* LoginView.swift */,
				F3FBBFFB28E4C2F500B6C73E /* LoginViewModel.swift */,
				F316CC7628ED562100F98BC4 /* LoginModel.swift */,
			);
			path = Login;
			sourceTree = "<group>";
		};
		F3FF7A7328E98DD2008B1FE8 /* TabView */ = {
			isa = PBXGroup;
			children = (
				F3E2275128EE992700A712D4 /* CustomTabBar.swift */,
				F3E2275528EEB6CB00A712D4 /* TabBarConfig.swift */,
			);
			path = TabView;
			sourceTree = "<group>";
		};
/* End PBXGroup section */

/* Begin PBXNativeTarget section */
		F34B54D728E3030E0045BA28 /* BasketFeature(SwiftUI) */ = {
			isa = PBXNativeTarget;
			buildConfigurationList = F34B54E628E303120045BA28 /* Build configuration list for PBXNativeTarget "BasketFeature(SwiftUI)" */;
			buildPhases = (
				A6165176B646D36D0F41F6B7 /* [CP] Check Pods Manifest.lock */,
				F34B54D428E3030E0045BA28 /* Sources */,
				F34B54D528E3030E0045BA28 /* Frameworks */,
				F34B54D628E3030E0045BA28 /* Resources */,
				5D870C605C2C9E82C2F21E21 /* [CP] Embed Pods Frameworks */,
			);
			buildRules = (
			);
			dependencies = (
			);
			name = "BasketFeature(SwiftUI)";
			packageProductDependencies = (
			);
			productName = "BasketFeature(SwiftUI)";
			productReference = F34B54D828E3030E0045BA28 /* BasketFeature(SwiftUI).app */;
			productType = "com.apple.product-type.application";
		};
/* End PBXNativeTarget section */

/* Begin PBXProject section */
		F34B54D028E3030E0045BA28 /* Project object */ = {
			isa = PBXProject;
			attributes = {
				BuildIndependentTargetsInParallel = 1;
				LastSwiftUpdateCheck = 1340;
				LastUpgradeCheck = 1340;
				TargetAttributes = {
					F34B54D728E3030E0045BA28 = {
						CreatedOnToolsVersion = 13.4.1;
					};
				};
			};
			buildConfigurationList = F34B54D328E3030E0045BA28 /* Build configuration list for PBXProject "BasketFeature(SwiftUI)" */;
			compatibilityVersion = "Xcode 13.0";
			developmentRegion = en;
			hasScannedForEncodings = 0;
			knownRegions = (
				en,
				ru,
			);
			mainGroup = F34B54CF28E3030E0045BA28;
			packageReferences = (
			);
			productRefGroup = F34B54D928E3030E0045BA28 /* Products */;
			projectDirPath = "";
			projectRoot = "";
			targets = (
				F34B54D728E3030E0045BA28 /* BasketFeature(SwiftUI) */,
			);
		};
/* End PBXProject section */

/* Begin PBXResourcesBuildPhase section */
		F34B54D628E3030E0045BA28 /* Resources */ = {
			isa = PBXResourcesBuildPhase;
			buildActionMask = 2147483647;
			files = (
				F34B54E328E303120045BA28 /* Preview Assets.xcassets in Resources */,
				F3CD0EF52997B5800044C725 /* Localizable.strings in Resources */,
				F34B54E028E303120045BA28 /* Assets.xcassets in Resources */,
			);
			runOnlyForDeploymentPostprocessing = 0;
		};
/* End PBXResourcesBuildPhase section */

/* Begin PBXShellScriptBuildPhase section */
		5D870C605C2C9E82C2F21E21 /* [CP] Embed Pods Frameworks */ = {
			isa = PBXShellScriptBuildPhase;
			buildActionMask = 2147483647;
			files = (
			);
			inputFileListPaths = (
				"${PODS_ROOT}/Target Support Files/Pods-BasketFeature(SwiftUI)/Pods-BasketFeature(SwiftUI)-frameworks-${CONFIGURATION}-input-files.xcfilelist",
			);
			name = "[CP] Embed Pods Frameworks";
			outputFileListPaths = (
				"${PODS_ROOT}/Target Support Files/Pods-BasketFeature(SwiftUI)/Pods-BasketFeature(SwiftUI)-frameworks-${CONFIGURATION}-output-files.xcfilelist",
			);
			runOnlyForDeploymentPostprocessing = 0;
			shellPath = /bin/sh;
			shellScript = "\"${PODS_ROOT}/Target Support Files/Pods-BasketFeature(SwiftUI)/Pods-BasketFeature(SwiftUI)-frameworks.sh\"\n";
			showEnvVarsInLog = 0;
		};
		A6165176B646D36D0F41F6B7 /* [CP] Check Pods Manifest.lock */ = {
			isa = PBXShellScriptBuildPhase;
			buildActionMask = 2147483647;
			files = (
			);
			inputFileListPaths = (
			);
			inputPaths = (
				"${PODS_PODFILE_DIR_PATH}/Podfile.lock",
				"${PODS_ROOT}/Manifest.lock",
			);
			name = "[CP] Check Pods Manifest.lock";
			outputFileListPaths = (
			);
			outputPaths = (
				"$(DERIVED_FILE_DIR)/Pods-BasketFeature(SwiftUI)-checkManifestLockResult.txt",
			);
			runOnlyForDeploymentPostprocessing = 0;
			shellPath = /bin/sh;
			shellScript = "diff \"${PODS_PODFILE_DIR_PATH}/Podfile.lock\" \"${PODS_ROOT}/Manifest.lock\" > /dev/null\nif [ $? != 0 ] ; then\n    # print error to STDERR\n    echo \"error: The sandbox is not in sync with the Podfile.lock. Run 'pod install' or update your CocoaPods installation.\" >&2\n    exit 1\nfi\n# This output is used by Xcode 'outputs' to avoid re-running this script phase.\necho \"SUCCESS\" > \"${SCRIPT_OUTPUT_FILE_0}\"\n";
			showEnvVarsInLog = 0;
		};
/* End PBXShellScriptBuildPhase section */

/* Begin PBXSourcesBuildPhase section */
		F34B54D428E3030E0045BA28 /* Sources */ = {
			isa = PBXSourcesBuildPhase;
			buildActionMask = 2147483647;
			files = (
				F3E7C12929AB93DE00A4017B /* PreferenceManager.swift in Sources */,
				F34B54F128E311290045BA28 /* TextFieldModel.swift in Sources */,
				F35B399728EFF930008A62B9 /* CreateGameModel.swift in Sources */,
				F3B2F29328F0BDD000E96FDA /* SelectFivePlayersViewModel.swift in Sources */,
				F3F2BD1928FA979B001DEE56 /* SelectResultViewModel.swift in Sources */,
				F316CC7728ED562100F98BC4 /* LoginModel.swift in Sources */,
				F34B54F328E31E890045BA28 /* RegisterModel.swift in Sources */,
				F3803F3C28FFC93B00E590CB /* SelectFoulViewModel.swift in Sources */,
				F3F2BD1328FA96B7001DEE56 /* SelectTypeOfAttackViewModel.swift in Sources */,
				F34B54DE28E3030E0045BA28 /* RegisterView.swift in Sources */,
				F3803F3E28FFCD1700E590CB /* SelectBallView.swift in Sources */,
				F3C6EB45290197AD00A2A5BC /* SelectShotViewModel.swift in Sources */,
				F3FBBFFA28E4C20D00B6C73E /* LoginView.swift in Sources */,
				F3433C1728EC1F3500585633 /* TeamView.swift in Sources */,
				F3803F4428FFDC7600E590CB /* SelectTechnicalParamsView.swift in Sources */,
				F316CC7528ED535500F98BC4 /* UrlHelper.swift in Sources */,
				F38FD0E22997BB3C000EE7E5 /* ViewFactory.swift in Sources */,
				F34B54F528E31EA10045BA28 /* TeamListView.swift in Sources */,
				F3561C6F28EF02580098188E /* TeamModel.swift in Sources */,
				F35B399928EFFA57008A62B9 /* SelectFivePlayersView.swift in Sources */,
				F34B54EE28E30FCB0045BA28 /* RegisterViewModel.swift in Sources */,
				F32B7C1428E9E7DC00E279AE /* User.swift in Sources */,
				F3CD446428EC272600CF88BB /* CustomPlayerCell.swift in Sources */,
				F34B54DC28E3030E0045BA28 /* BasketFeature_SwiftUI_App.swift in Sources */,
				F3C1432D28EBFDBA002E26EA /* AddTeamViewModel.swift in Sources */,
				F34B54EA28E303400045BA28 /* CustomTextField.swift in Sources */,
				F3E2275628EEB6CB00A712D4 /* TabBarConfig.swift in Sources */,
				F3A11CBB2913DE0F00E383AA /* Actions.swift in Sources */,
				F3C6EB4829019A7600A2A5BC /* SelectShotParamsView.swift in Sources */,
				F3561C7528EF0F6A0098188E /* GamesView.swift in Sources */,
				F3E2275428EEA59600A712D4 /* AddTeamModel.swift in Sources */,
				F3F2BD0B28FA88AE001DEE56 /* PropertyView.swift in Sources */,
				F3FBBFFC28E4C2F500B6C73E /* LoginViewModel.swift in Sources */,
				F3E2275228EE992700A712D4 /* CustomTabBar.swift in Sources */,
				F366B76B29116A96003DA6AB /* Game.swift in Sources */,
				F35B399528EFF928008A62B9 /* CreateGameViewModel.swift in Sources */,
				F3986E1A28E9623E008F16E9 /* ForgetPasswordView.swift in Sources */,
				F3810C1F28F89F23009170BA /* SelectTimeAndTeam.swift in Sources */,
				F3E7C12B29AB942100A4017B /* UserDataManager.swift in Sources */,
				F3F2BD1128FA9615001DEE56 /* SelectTypeOfAttackView.swift in Sources */,
				F3C6EB412901977B00A2A5BC /* SelectShotView.swift in Sources */,
				F3F2BD0D28FA8B94001DEE56 /* PropertyViewModel.swift in Sources */,
				F3F2BD1728FA9793001DEE56 /* SelectResultView.swift in Sources */,
				F3FF7A7228E97E04008B1FE8 /* CustomAlert.swift in Sources */,
				F394FA6A28EFE647008DB55B /* AddPlayerToTeamModel.swift in Sources */,
				F3D911DB28EC384C00BDA6D3 /* AddPlayerToTeamView.swift in Sources */,
				F316CC7928ED6DE700F98BC4 /* LocalUser.swift in Sources */,
				F3561C6D28EF02370098188E /* TeamViewModel.swift in Sources */,
				F3803F3728FFC17E00E590CB /* SelectLossViewModel.swift in Sources */,
				F3803F3528FFC16600E590CB /* SelectLossView.swift in Sources */,
				F32B7C1228E9E47A00E279AE /* Team.swift in Sources */,
				F3CD0EE02997B3710044C725 /* LocalizedString.swift in Sources */,
				F3CD446628EC2C4F00CF88BB /* AddPlayerToTeamViewModel.swift in Sources */,
				F324F27228F1966900293DE4 /* Field.swift in Sources */,
				F32B7C1A28E9E9CF00E279AE /* TeamCell.swift in Sources */,
				F3561C7828EF0FBD0098188E /* CreateGameView.swift in Sources */,
				F3FF7A7028E9638E008B1FE8 /* ForgetPasswordViewModel.swift in Sources */,
				F3E7C12729AB7FBF00A4017B /* RequestManager.swift in Sources */,
				F32B7C1D28E9EE4700E279AE /* AddTeamView.swift in Sources */,
				F32B7C1828E9E8A400E279AE /* TeamListModel.swift in Sources */,
				F32B7C1028E9E42F00E279AE /* Player.swift in Sources */,
				F34B54EC28E30D500045BA28 /* Colors.swift in Sources */,
				F3E9129128FA81F400D47E44 /* SelectBeginningAttackView.swift in Sources */,
				F3803F3A28FFC92C00E590CB /* SelectFoulView.swift in Sources */,
				F3E9129328FA81FF00D47E44 /* SelectBeginningAttackViewModel.swift in Sources */,
				F32B7C1628E9E89B00E279AE /* TeamListViewModel.swift in Sources */,
			);
			runOnlyForDeploymentPostprocessing = 0;
		};
/* End PBXSourcesBuildPhase section */

/* Begin PBXVariantGroup section */
		F3CD0EF72997B5800044C725 /* Localizable.strings */ = {
			isa = PBXVariantGroup;
			children = (
				F3CD0EFA2997B6390044C725 /* ru */,
			);
			name = Localizable.strings;
			sourceTree = "<group>";
		};
/* End PBXVariantGroup section */

/* Begin XCBuildConfiguration section */
		F34B54E428E303120045BA28 /* Debug */ = {
			isa = XCBuildConfiguration;
			buildSettings = {
				ALWAYS_SEARCH_USER_PATHS = NO;
				CLANG_ANALYZER_LOCALIZABILITY_NONLOCALIZED = YES;
				CLANG_ANALYZER_NONNULL = YES;
				CLANG_ANALYZER_NUMBER_OBJECT_CONVERSION = YES_AGGRESSIVE;
				CLANG_CXX_LANGUAGE_STANDARD = "gnu++17";
				CLANG_ENABLE_MODULES = YES;
				CLANG_ENABLE_OBJC_ARC = YES;
				CLANG_ENABLE_OBJC_WEAK = YES;
				CLANG_WARN_BLOCK_CAPTURE_AUTORELEASING = YES;
				CLANG_WARN_BOOL_CONVERSION = YES;
				CLANG_WARN_COMMA = YES;
				CLANG_WARN_CONSTANT_CONVERSION = YES;
				CLANG_WARN_DEPRECATED_OBJC_IMPLEMENTATIONS = YES;
				CLANG_WARN_DIRECT_OBJC_ISA_USAGE = YES_ERROR;
				CLANG_WARN_DOCUMENTATION_COMMENTS = YES;
				CLANG_WARN_EMPTY_BODY = YES;
				CLANG_WARN_ENUM_CONVERSION = YES;
				CLANG_WARN_INFINITE_RECURSION = YES;
				CLANG_WARN_INT_CONVERSION = YES;
				CLANG_WARN_NON_LITERAL_NULL_CONVERSION = YES;
				CLANG_WARN_OBJC_IMPLICIT_RETAIN_SELF = YES;
				CLANG_WARN_OBJC_LITERAL_CONVERSION = YES;
				CLANG_WARN_OBJC_ROOT_CLASS = YES_ERROR;
				CLANG_WARN_QUOTED_INCLUDE_IN_FRAMEWORK_HEADER = YES;
				CLANG_WARN_RANGE_LOOP_ANALYSIS = YES;
				CLANG_WARN_STRICT_PROTOTYPES = YES;
				CLANG_WARN_SUSPICIOUS_MOVE = YES;
				CLANG_WARN_UNGUARDED_AVAILABILITY = YES_AGGRESSIVE;
				CLANG_WARN_UNREACHABLE_CODE = YES;
				CLANG_WARN__DUPLICATE_METHOD_MATCH = YES;
				COPY_PHASE_STRIP = NO;
				DEBUG_INFORMATION_FORMAT = dwarf;
				ENABLE_STRICT_OBJC_MSGSEND = YES;
				ENABLE_TESTABILITY = YES;
				GCC_C_LANGUAGE_STANDARD = gnu11;
				GCC_DYNAMIC_NO_PIC = NO;
				GCC_NO_COMMON_BLOCKS = YES;
				GCC_OPTIMIZATION_LEVEL = 0;
				GCC_PREPROCESSOR_DEFINITIONS = (
					"DEBUG=1",
					"$(inherited)",
				);
				GCC_WARN_64_TO_32_BIT_CONVERSION = YES;
				GCC_WARN_ABOUT_RETURN_TYPE = YES_ERROR;
				GCC_WARN_UNDECLARED_SELECTOR = YES;
				GCC_WARN_UNINITIALIZED_AUTOS = YES_AGGRESSIVE;
				GCC_WARN_UNUSED_FUNCTION = YES;
				GCC_WARN_UNUSED_VARIABLE = YES;
				IPHONEOS_DEPLOYMENT_TARGET = 15.2;
				MTL_ENABLE_DEBUG_INFO = INCLUDE_SOURCE;
				MTL_FAST_MATH = YES;
				ONLY_ACTIVE_ARCH = YES;
				SDKROOT = iphoneos;
				SWIFT_ACTIVE_COMPILATION_CONDITIONS = DEBUG;
				SWIFT_OPTIMIZATION_LEVEL = "-Onone";
			};
			name = Debug;
		};
		F34B54E528E303120045BA28 /* Release */ = {
			isa = XCBuildConfiguration;
			buildSettings = {
				ALWAYS_SEARCH_USER_PATHS = NO;
				CLANG_ANALYZER_LOCALIZABILITY_NONLOCALIZED = YES;
				CLANG_ANALYZER_NONNULL = YES;
				CLANG_ANALYZER_NUMBER_OBJECT_CONVERSION = YES_AGGRESSIVE;
				CLANG_CXX_LANGUAGE_STANDARD = "gnu++17";
				CLANG_ENABLE_MODULES = YES;
				CLANG_ENABLE_OBJC_ARC = YES;
				CLANG_ENABLE_OBJC_WEAK = YES;
				CLANG_WARN_BLOCK_CAPTURE_AUTORELEASING = YES;
				CLANG_WARN_BOOL_CONVERSION = YES;
				CLANG_WARN_COMMA = YES;
				CLANG_WARN_CONSTANT_CONVERSION = YES;
				CLANG_WARN_DEPRECATED_OBJC_IMPLEMENTATIONS = YES;
				CLANG_WARN_DIRECT_OBJC_ISA_USAGE = YES_ERROR;
				CLANG_WARN_DOCUMENTATION_COMMENTS = YES;
				CLANG_WARN_EMPTY_BODY = YES;
				CLANG_WARN_ENUM_CONVERSION = YES;
				CLANG_WARN_INFINITE_RECURSION = YES;
				CLANG_WARN_INT_CONVERSION = YES;
				CLANG_WARN_NON_LITERAL_NULL_CONVERSION = YES;
				CLANG_WARN_OBJC_IMPLICIT_RETAIN_SELF = YES;
				CLANG_WARN_OBJC_LITERAL_CONVERSION = YES;
				CLANG_WARN_OBJC_ROOT_CLASS = YES_ERROR;
				CLANG_WARN_QUOTED_INCLUDE_IN_FRAMEWORK_HEADER = YES;
				CLANG_WARN_RANGE_LOOP_ANALYSIS = YES;
				CLANG_WARN_STRICT_PROTOTYPES = YES;
				CLANG_WARN_SUSPICIOUS_MOVE = YES;
				CLANG_WARN_UNGUARDED_AVAILABILITY = YES_AGGRESSIVE;
				CLANG_WARN_UNREACHABLE_CODE = YES;
				CLANG_WARN__DUPLICATE_METHOD_MATCH = YES;
				COPY_PHASE_STRIP = NO;
				DEBUG_INFORMATION_FORMAT = "dwarf-with-dsym";
				ENABLE_NS_ASSERTIONS = NO;
				ENABLE_STRICT_OBJC_MSGSEND = YES;
				GCC_C_LANGUAGE_STANDARD = gnu11;
				GCC_NO_COMMON_BLOCKS = YES;
				GCC_WARN_64_TO_32_BIT_CONVERSION = YES;
				GCC_WARN_ABOUT_RETURN_TYPE = YES_ERROR;
				GCC_WARN_UNDECLARED_SELECTOR = YES;
				GCC_WARN_UNINITIALIZED_AUTOS = YES_AGGRESSIVE;
				GCC_WARN_UNUSED_FUNCTION = YES;
				GCC_WARN_UNUSED_VARIABLE = YES;
				IPHONEOS_DEPLOYMENT_TARGET = 15.2;
				MTL_ENABLE_DEBUG_INFO = NO;
				MTL_FAST_MATH = YES;
				SDKROOT = iphoneos;
				SWIFT_COMPILATION_MODE = wholemodule;
				SWIFT_OPTIMIZATION_LEVEL = "-O";
				VALIDATE_PRODUCT = YES;
			};
			name = Release;
		};
		F34B54E728E303120045BA28 /* Debug */ = {
			isa = XCBuildConfiguration;
			baseConfigurationReference = F6263C26AD492DA82B56B0B0 /* Pods-BasketFeature(SwiftUI).debug.xcconfig */;
			buildSettings = {
				ASSETCATALOG_COMPILER_APPICON_NAME = AppIcon;
				ASSETCATALOG_COMPILER_GLOBAL_ACCENT_COLOR_NAME = AccentColor;
				CODE_SIGN_STYLE = Automatic;
				CURRENT_PROJECT_VERSION = 1;
				DEVELOPMENT_ASSET_PATHS = "\"BasketFeature(SwiftUI)/Resources/Preview Content\"";
				DEVELOPMENT_TEAM = RBRFGT8CHB;
				ENABLE_PREVIEWS = YES;
				GENERATE_INFOPLIST_FILE = YES;
				INFOPLIST_KEY_UIApplicationSceneManifest_Generation = YES;
				INFOPLIST_KEY_UIApplicationSupportsIndirectInputEvents = YES;
				INFOPLIST_KEY_UILaunchScreen_Generation = YES;
				INFOPLIST_KEY_UISupportedInterfaceOrientations = UIInterfaceOrientationPortrait;
				INFOPLIST_KEY_UISupportedInterfaceOrientations_iPad = UIInterfaceOrientationPortrait;
				INFOPLIST_KEY_UISupportedInterfaceOrientations_iPhone = UIInterfaceOrientationPortrait;
				IPHONEOS_DEPLOYMENT_TARGET = 15.2;
				LD_RUNPATH_SEARCH_PATHS = (
					"$(inherited)",
					"@executable_path/Frameworks",
				);
				MARKETING_VERSION = 1.0;
				PRODUCT_BUNDLE_IDENTIFIER = Daniil.BasketFeatureSwiftUI;
				PRODUCT_NAME = "$(TARGET_NAME)";
				SWIFT_EMIT_LOC_STRINGS = YES;
				SWIFT_VERSION = 5.0;
				TARGETED_DEVICE_FAMILY = 1;
			};
			name = Debug;
		};
		F34B54E828E303120045BA28 /* Release */ = {
			isa = XCBuildConfiguration;
			baseConfigurationReference = C6E15654CB932BE19A53EC8D /* Pods-BasketFeature(SwiftUI).release.xcconfig */;
			buildSettings = {
				ASSETCATALOG_COMPILER_APPICON_NAME = AppIcon;
				ASSETCATALOG_COMPILER_GLOBAL_ACCENT_COLOR_NAME = AccentColor;
				CODE_SIGN_STYLE = Automatic;
				CURRENT_PROJECT_VERSION = 1;
				DEVELOPMENT_ASSET_PATHS = "\"BasketFeature(SwiftUI)/Resources/Preview Content\"";
				DEVELOPMENT_TEAM = RBRFGT8CHB;
				ENABLE_PREVIEWS = YES;
				GENERATE_INFOPLIST_FILE = YES;
				INFOPLIST_KEY_UIApplicationSceneManifest_Generation = YES;
				INFOPLIST_KEY_UIApplicationSupportsIndirectInputEvents = YES;
				INFOPLIST_KEY_UILaunchScreen_Generation = YES;
				INFOPLIST_KEY_UISupportedInterfaceOrientations = UIInterfaceOrientationPortrait;
				INFOPLIST_KEY_UISupportedInterfaceOrientations_iPad = UIInterfaceOrientationPortrait;
				INFOPLIST_KEY_UISupportedInterfaceOrientations_iPhone = UIInterfaceOrientationPortrait;
				IPHONEOS_DEPLOYMENT_TARGET = 15.2;
				LD_RUNPATH_SEARCH_PATHS = (
					"$(inherited)",
					"@executable_path/Frameworks",
				);
				MARKETING_VERSION = 1.0;
				PRODUCT_BUNDLE_IDENTIFIER = Daniil.BasketFeatureSwiftUI;
				PRODUCT_NAME = "$(TARGET_NAME)";
				SWIFT_EMIT_LOC_STRINGS = YES;
				SWIFT_VERSION = 5.0;
				TARGETED_DEVICE_FAMILY = 1;
			};
			name = Release;
		};
/* End XCBuildConfiguration section */

/* Begin XCConfigurationList section */
		F34B54D328E3030E0045BA28 /* Build configuration list for PBXProject "BasketFeature(SwiftUI)" */ = {
			isa = XCConfigurationList;
			buildConfigurations = (
				F34B54E428E303120045BA28 /* Debug */,
				F34B54E528E303120045BA28 /* Release */,
			);
			defaultConfigurationIsVisible = 0;
			defaultConfigurationName = Release;
		};
		F34B54E628E303120045BA28 /* Build configuration list for PBXNativeTarget "BasketFeature(SwiftUI)" */ = {
			isa = XCConfigurationList;
			buildConfigurations = (
				F34B54E728E303120045BA28 /* Debug */,
				F34B54E828E303120045BA28 /* Release */,
			);
			defaultConfigurationIsVisible = 0;
			defaultConfigurationName = Release;
		};
/* End XCConfigurationList section */
	};
	rootObject = F34B54D028E3030E0045BA28 /* Project object */;
}
